<?xml version="1.0" encoding="utf-8"?>
<Project ToolsVersion="4.0" xmlns="http://schemas.microsoft.com/developer/msbuild/2003">
  <ItemGroup>
    <Filter Include="ソース ファイル">
      <UniqueIdentifier>{4FC737F1-C7A5-4376-A066-2A32D752A2FF}</UniqueIdentifier>
      <Extensions>cpp;c;cc;cxx;c++;cppm;ixx;def;odl;idl;hpj;bat;asm;asmx</Extensions>
    </Filter>
    <Filter Include="ヘッダー ファイル">
      <UniqueIdentifier>{93995380-89BD-4b04-88EB-625FBE52EBFB}</UniqueIdentifier>
      <Extensions>h;hh;hpp;hxx;h++;hm;inl;inc;ipp;xsd</Extensions>
    </Filter>
    <Filter Include="リソース ファイル">
      <UniqueIdentifier>{67DA6AB6-F800-4c08-8B7A-83BB121AAD01}</UniqueIdentifier>
      <Extensions>rc;ico;cur;bmp;dlg;rc2;rct;bin;rgs;gif;jpg;jpeg;jpe;resx;tiff;tif;png;wav;mfcribbon-ms</Extensions>
    </Filter>
    <Filter Include="MainBranch">
      <UniqueIdentifier>{f7f30b1a-2143-4afe-bc6e-60780a214482}</UniqueIdentifier>
    </Filter>
    <Filter Include="MainBranch\Math">
      <UniqueIdentifier>{328379a4-885b-4cc1-a93a-e1517f2ee710}</UniqueIdentifier>
    </Filter>
    <Filter Include="MainBranch\Scene">
      <UniqueIdentifier>{13840875-8cc3-4d45-b643-889ccd176b01}</UniqueIdentifier>
    </Filter>
    <Filter Include="MainBranch\FPS">
      <UniqueIdentifier>{101d0875-4f23-44c9-b070-5c161da80647}</UniqueIdentifier>
    </Filter>
    <Filter Include="MainBranch\Scene\Result">
      <UniqueIdentifier>{3892b002-e3c3-45ba-aac1-802263d046ac}</UniqueIdentifier>
    </Filter>
    <Filter Include="MainBranch\Scene\Play">
      <UniqueIdentifier>{ce331610-162c-4f74-8e03-753d27584342}</UniqueIdentifier>
    </Filter>
    <Filter Include="MainBranch\Scene\Title">
      <UniqueIdentifier>{b8a44440-eeed-4a4f-a66c-320a2256bee8}</UniqueIdentifier>
    </Filter>
    <Filter Include="MainBranch\Background">
      <UniqueIdentifier>{323535fa-6732-4519-8e68-23004b2b9f56}</UniqueIdentifier>
    </Filter>
    <Filter Include="MainBranch\Button">
      <UniqueIdentifier>{34f0467d-2b78-4d98-8fe1-855c2f3a9c1b}</UniqueIdentifier>
    </Filter>
    <Filter Include="MainBranch\GameManager">
      <UniqueIdentifier>{df5a1d20-3c1a-4280-b924-546f0f35bfc5}</UniqueIdentifier>
    </Filter>
    <Filter Include="MainBranch\Scene\Tutorial">
      <UniqueIdentifier>{58a7089b-2d59-40fb-9cdf-4cab15289449}</UniqueIdentifier>
    </Filter>
    <Filter Include="MainBranch\Image">
      <UniqueIdentifier>{112e6bfe-bd62-4c15-9396-e45308169b56}</UniqueIdentifier>
    </Filter>
    <Filter Include="MainBranch\Scene\Exit">
      <UniqueIdentifier>{cca7c9f4-2746-49a9-aaf0-53b4fd6eaaf2}</UniqueIdentifier>
    </Filter>
  </ItemGroup>
  <ItemGroup>
    <ClInclude Include="BaseObject.h">
      <Filter>MainBranch</Filter>
    </ClInclude>
    <ClInclude Include="Math.h">
      <Filter>MainBranch\Math</Filter>
    </ClInclude>
    <ClInclude Include="SceneBase.h">
      <Filter>MainBranch\Scene</Filter>
    </ClInclude>
    <ClInclude Include="FPS.h">
      <Filter>MainBranch\FPS</Filter>
    </ClInclude>
    <ClInclude Include="RedFish.h">
      <Filter>ヘッダー ファイル</Filter>
    </ClInclude>
    <ClInclude Include="Tag.h">
      <Filter>ヘッダー ファイル</Filter>
    </ClInclude>
    <ClInclude Include="GoldFish.h">
      <Filter>ヘッダー ファイル</Filter>
    </ClInclude>
    <ClInclude Include="FishManager.h">
      <Filter>ヘッダー ファイル</Filter>
    </ClInclude>
    <ClInclude Include="Fish.h">
      <Filter>ヘッダー ファイル</Filter>
    </ClInclude>
    <ClInclude Include="BlueFish.h">
      <Filter>ヘッダー ファイル</Filter>
    </ClInclude>
    <ClInclude Include="Title.h">
      <Filter>MainBranch\Scene\Title</Filter>
    </ClInclude>
    <ClInclude Include="Play.h">
      <Filter>MainBranch\Scene\Play</Filter>
    </ClInclude>
    <ClInclude Include="Result.h">
      <Filter>MainBranch\Scene\Result</Filter>
    </ClInclude>
    <ClInclude Include="FPS.h">
      <Filter>MainBranch\FPS</Filter>
    </ClInclude>
    <ClInclude Include="Background.h">
      <Filter>MainBranch\Background</Filter>
    </ClInclude>
    <ClInclude Include="Button.h">
      <Filter>MainBranch\Button</Filter>
    </ClInclude>
    <ClInclude Include="GameManager.h">
      <Filter>MainBranch\GameManager</Filter>
    </ClInclude>
    <ClInclude Include="BlackFish.h">
      <Filter>ヘッダー ファイル</Filter>
    </ClInclude>
    <ClInclude Include="PoiBase.h">
      <Filter>ヘッダー ファイル</Filter>
    </ClInclude>
    <ClInclude Include="PoiBlue.h">
      <Filter>ヘッダー ファイル</Filter>
    </ClInclude>
    <ClInclude Include="PoiManager.h">
      <Filter>ヘッダー ファイル</Filter>
    </ClInclude>
    <ClInclude Include="PoiRed.h">
      <Filter>ヘッダー ファイル</Filter>
    </ClInclude>
    <ClInclude Include="Sound.h">
      <Filter>ソース ファイル</Filter>
    </ClInclude>
    <ClInclude Include="Score.h">
      <Filter>ヘッダー ファイル</Filter>
    <ClInclude Include="Tutorial.h">
      <Filter>MainBranch\Scene\Tutorial</Filter>
    </ClInclude>
    <ClInclude Include="Image.h">
      <Filter>MainBranch\Image</Filter>
    </ClInclude>
    <ClInclude Include="Exit.h">
      <Filter>MainBranch\Scene\Exit</Filter>
    </ClInclude>
  </ItemGroup>
  <ItemGroup>
    <ClCompile Include="BaseObject.cpp">
      <Filter>MainBranch</Filter>
    </ClCompile>
    <ClCompile Include="FPS.cpp">
      <Filter>MainBranch\FPS</Filter>
    </ClCompile>
    <ClCompile Include="GoldFish.cpp">
      <Filter>ソース ファイル</Filter>
    </ClCompile>
    <ClCompile Include="FishManager.cpp">
      <Filter>ソース ファイル</Filter>
    </ClCompile>
    <ClCompile Include="Fish.cpp">
      <Filter>ソース ファイル</Filter>
    </ClCompile>
    <ClCompile Include="BlueFish.cpp">
      <Filter>ソース ファイル</Filter>
    </ClCompile>
    <ClCompile Include="Title.cpp">
      <Filter>MainBranch\Scene\Title</Filter>
    </ClCompile>
    <ClCompile Include="Play.cpp">
      <Filter>MainBranch\Scene\Play</Filter>
    </ClCompile>
    <ClCompile Include="Result.cpp">
      <Filter>MainBranch\Scene\Result</Filter>
    </ClCompile>
    <ClCompile Include="FPS.cpp">
      <Filter>MainBranch\FPS</Filter>
    </ClCompile>
    <ClCompile Include="Math.cpp">
      <Filter>MainBranch\Math</Filter>
    </ClCompile>
    <ClCompile Include="Background.cpp">
      <Filter>MainBranch\Background</Filter>
    </ClCompile>
    <ClCompile Include="main.cpp">
      <Filter>MainBranch</Filter>
    </ClCompile>
    <ClCompile Include="GameManager.cpp">
      <Filter>MainBranch\GameManager</Filter>
    </ClCompile>
    <ClCompile Include="BlackFish.cpp">
      <Filter>ソース ファイル</Filter>
    </ClCompile>

    <ClCompile Include="Button.cpp">
      <Filter>ソース ファイル</Filter>
    </ClCompile>

    <ClCompile Include="PoiBase.cpp">
      <Filter>ソース ファイル</Filter>
    </ClCompile>
    <ClCompile Include="PoiBlue.cpp">
      <Filter>ソース ファイル</Filter>
    </ClCompile>
    <ClCompile Include="PoiManager.cpp">
      <Filter>ソース ファイル</Filter>
    </ClCompile>
    <ClCompile Include="PoiRed.cpp">
      <Filter>ソース ファイル</Filter>
    </ClCompile>
    <ClCompile Include="RedFish.cpp">
      <Filter>ソース ファイル</Filter>
    </ClCompile>

    <ClCompile Include="Sound.cpp">
      <Filter>ソース ファイル</Filter>
    </ClCompile>
    <ClCompile Include="Score.cpp">
      <Filter>ソース ファイル</Filter>

    <ClCompile Include="Tutorial.cpp">
      <Filter>MainBranch\Scene\Tutorial</Filter>
    </ClCompile>
    <ClCompile Include="Button.cpp">
      <Filter>MainBranch\Button</Filter>
    </ClCompile>
    <ClCompile Include="SceneBase.cpp">
      <Filter>MainBranch\Scene</Filter>
    </ClCompile>
    <ClCompile Include="Image.cpp">
      <Filter>MainBranch\Image</Filter>
    </ClCompile>
    <ClCompile Include="Exit.cpp">
      <Filter>MainBranch\Scene\Exit</Filter>

    </ClCompile>
  </ItemGroup>
</Project>